
Microsoft Visual Studio Solution File, Format Version 12.00
# Visual Studio 2010
Project("{8BC9CEB8-8B4A-11D0-8D11-00A0C91BC942}") = "Grove", "Grove\Grove.vcxproj", "{AABADA16-E7FB-4261-9A6D-D714EC1A80A5}"
EndProject
Global
	GlobalSection(SolutionConfigurationPlatforms) = preSolution
		Debug|Win32 = Debug|Win32
		Release|Win32 = Release|Win32
	EndGlobalSection
	GlobalSection(ProjectConfigurationPlatforms) = postSolution
		{AABADA16-E7FB-4261-9A6D-D714EC1A80A5}.Debug|Win32.ActiveCfg = Debug|Win32
		{AABADA16-E7FB-4261-9A6D-D714EC1A80A5}.Debug|Win32.Build.0 = Debug|Win32
		{AABADA16-E7FB-4261-9A6D-D714EC1A80A5}.Release|Win32.ActiveCfg = Release|Win32
		{AABADA16-E7FB-4261-9A6D-D714EC1A80A5}.Release|Win32.Build.0 = Release|Win32
	EndGlobalSection
	GlobalSection(SolutionProperties) = preSolution
		HideSolutionNode = FALSE
	EndGlobalSection
EndGlobal
